
Microsoft Visual Studio Solution File, Format Version 12.00
# Visual Studio Version 17
VisualStudioVersion = 17.8.34511.84
MinimumVisualStudioVersion = 10.0.40219.1
Project("{FAE04EC0-301F-11D3-BF4B-00C04F79EFBC}") = "password-manager-client", "password-manager-client\password-manager-client.csproj", "{42762382-7269-421E-B9B9-C1E7D4B2381A}"
EndProject
Global
	GlobalSection(SolutionConfigurationPlatforms) = preSolution
		Debug|Any CPU = Debug|Any CPU
		Release|Any CPU = Release|Any CPU
	EndGlobalSection
	GlobalSection(ProjectConfigurationPlatforms) = postSolution
		{42762382-7269-421E-B9B9-C1E7D4B2381A}.Debug|Any CPU.ActiveCfg = Debug|Any CPU
		{42762382-7269-421E-B9B9-C1E7D4B2381A}.Debug|Any CPU.Build.0 = Debug|Any CPU
		{42762382-7269-421E-B9B9-C1E7D4B2381A}.Release|Any CPU.ActiveCfg = Release|Any CPU
		{42762382-7269-421E-B9B9-C1E7D4B2381A}.Release|Any CPU.Build.0 = Release|Any CPU
	EndGlobalSection
	GlobalSection(SolutionProperties) = preSolution
		HideSolutionNode = FALSE
	EndGlobalSection
	GlobalSection(ExtensibilityGlobals) = postSolution
		SolutionGuid = {D4E8056F-DA8A-4AAD-83A8-6FC72FB43A39}
	EndGlobalSection
EndGlobal
